
Microsoft Visual Studio Solution File, Format Version 12.00
# Visual Studio 2012
Project("{FAE04EC0-301F-11D3-BF4B-00C04F79EFBC}") = "FXSharp.Hosts", "MyFirstExpert\FXSharp.Hosts.csproj", "{3CE781FB-63BA-4298-8C9E-2A54CED907CC}"
EndProject
Project("{FAE04EC0-301F-11D3-BF4B-00C04F79EFBC}") = "FXSharp.TradingPlatform.Exts", "FXSharp.TradingPlatform.Exts\FXSharp.TradingPlatform.Exts.csproj", "{E33F0F2B-6FBD-4E1C-9981-510DD229C58E}"
EndProject
Project("{FAE04EC0-301F-11D3-BF4B-00C04F79EFBC}") = "FXSharp.EA.MagicBox", "FXSharp.EA.MagicBox\FXSharp.EA.MagicBox.csproj", "{8D51979F-FD94-4D4E-AEE3-C185CA37D9E3}"
EndProject
Project("{FAE04EC0-301F-11D3-BF4B-00C04F79EFBC}") = "FXSharp.EA.HappyDay", "FXSharp.EA.HappyDay\FXSharp.EA.HappyDay.csproj", "{5FB94E06-2A61-4323-8FCB-4C9FE3D376FF}"
EndProject
Project("{FAE04EC0-301F-11D3-BF4B-00C04F79EFBC}") = "FXSharp.EA.NewsBox", "FXSharp.EA.NewsBox\FXSharp.EA.NewsBox.csproj", "{9808D624-79E6-455F-A601-F35C805D983C}"
EndProject
Project("{FAE04EC0-301F-11D3-BF4B-00C04F79EFBC}") = "FXSharp.EA.FirstTest", "FXSharp.EA.FirstTest\FXSharp.EA.FirstTest.csproj", "{09D4D2C3-05E1-4586-A2F2-66DB0A8C9E83}"
EndProject
Project("{2150E333-8FDC-42A3-9474-1A3956D46DE8}") = "Expert Advisor", "Expert Advisor", "{26182BF1-E8E5-4978-A846-ABF6D8AA6FA0}"
EndProject
Project("{2150E333-8FDC-42A3-9474-1A3956D46DE8}") = "Platform", "Platform", "{1F12FC5B-AF21-4DA3-A032-4B67BEEAAD4F}"
EndProject
Project("{2150E333-8FDC-42A3-9474-1A3956D46DE8}") = "Specs", "Specs", "{2B783437-F711-4DCE-AD04-FB54230090D7}"
EndProject
Project("{FAE04EC0-301F-11D3-BF4B-00C04F79EFBC}") = "FXSharp.EA.NewsBox.Specs", "FXSharp.EA.NewsBox.Specs\FXSharp.EA.NewsBox.Specs.csproj", "{D7F6278D-44BF-43BD-9E8C-C4252A00C61A}"
EndProject
Project("{FAE04EC0-301F-11D3-BF4B-00C04F79EFBC}") = "TradePlatform.MT4.Core", "TradePlatform.MT4\TradePlatform.MT4.Core\TradePlatform.MT4.Core.csproj", "{65AA3653-CE56-4029-A9AD-46D5CAA45829}"
EndProject
Project("{FAE04EC0-301F-11D3-BF4B-00C04F79EFBC}") = "TradePlatform.MT4.SDK.API", "TradePlatform.MT4\TradePlatform.MT4.SDK\TradePlatform.MT4.SDK.API\TradePlatform.MT4.SDK.API.csproj", "{44136017-54EE-4868-9557-ACB70B85BD7C}"
EndProject
Project("{FAE04EC0-301F-11D3-BF4B-00C04F79EFBC}") = "TradePlatform.MT4.SDK.Shell", "TradePlatform.MT4\TradePlatform.MT4.SDK\TradePlatform.MT4.SDK.Shell\TradePlatform.MT4.SDK.Shell.csproj", "{7DA7D09D-4069-4009-B97A-9B196BD40C16}"
EndProject
Project("{FAE04EC0-301F-11D3-BF4B-00C04F79EFBC}") = "TradePlatform.MT4.SDK.Library", "TradePlatform.MT4\TradePlatform.MT4.SDK\TradePlatform.MT4.SDK.Library\TradePlatform.MT4.SDK.Library.csproj", "{6B024C9D-EAE3-4450-981B-625D7A56A3ED}"
EndProject
Global
	GlobalSection(SolutionConfigurationPlatforms) = preSolution
		Debug|Any CPU = Debug|Any CPU
		Debug|x86 = Debug|x86
		Release|Any CPU = Release|Any CPU
		Release|x86 = Release|x86
	EndGlobalSection
	GlobalSection(ProjectConfigurationPlatforms) = postSolution
		{3CE781FB-63BA-4298-8C9E-2A54CED907CC}.Debug|Any CPU.ActiveCfg = Debug|x86
		{3CE781FB-63BA-4298-8C9E-2A54CED907CC}.Debug|Any CPU.Build.0 = Debug|x86
		{3CE781FB-63BA-4298-8C9E-2A54CED907CC}.Debug|x86.ActiveCfg = Debug|x86
		{3CE781FB-63BA-4298-8C9E-2A54CED907CC}.Debug|x86.Build.0 = Debug|x86
		{3CE781FB-63BA-4298-8C9E-2A54CED907CC}.Release|Any CPU.ActiveCfg = Release|Any CPU
		{3CE781FB-63BA-4298-8C9E-2A54CED907CC}.Release|Any CPU.Build.0 = Release|Any CPU
		{3CE781FB-63BA-4298-8C9E-2A54CED907CC}.Release|x86.ActiveCfg = Release|x86
		{3CE781FB-63BA-4298-8C9E-2A54CED907CC}.Release|x86.Build.0 = Release|x86
		{E33F0F2B-6FBD-4E1C-9981-510DD229C58E}.Debug|Any CPU.ActiveCfg = Debug|x86
		{E33F0F2B-6FBD-4E1C-9981-510DD229C58E}.Debug|Any CPU.Build.0 = Debug|x86
		{E33F0F2B-6FBD-4E1C-9981-510DD229C58E}.Debug|x86.ActiveCfg = Debug|Any CPU
		{E33F0F2B-6FBD-4E1C-9981-510DD229C58E}.Release|Any CPU.ActiveCfg = Release|Any CPU
		{E33F0F2B-6FBD-4E1C-9981-510DD229C58E}.Release|Any CPU.Build.0 = Release|Any CPU
		{E33F0F2B-6FBD-4E1C-9981-510DD229C58E}.Release|x86.ActiveCfg = Release|Any CPU
		{8D51979F-FD94-4D4E-AEE3-C185CA37D9E3}.Debug|Any CPU.ActiveCfg = Debug|Any CPU
		{8D51979F-FD94-4D4E-AEE3-C185CA37D9E3}.Debug|Any CPU.Build.0 = Debug|Any CPU
		{8D51979F-FD94-4D4E-AEE3-C185CA37D9E3}.Debug|x86.ActiveCfg = Debug|Any CPU
		{8D51979F-FD94-4D4E-AEE3-C185CA37D9E3}.Release|Any CPU.ActiveCfg = Release|Any CPU
		{8D51979F-FD94-4D4E-AEE3-C185CA37D9E3}.Release|Any CPU.Build.0 = Release|Any CPU
		{8D51979F-FD94-4D4E-AEE3-C185CA37D9E3}.Release|x86.ActiveCfg = Release|Any CPU
		{5FB94E06-2A61-4323-8FCB-4C9FE3D376FF}.Debug|Any CPU.ActiveCfg = Debug|Any CPU
		{5FB94E06-2A61-4323-8FCB-4C9FE3D376FF}.Debug|Any CPU.Build.0 = Debug|Any CPU
		{5FB94E06-2A61-4323-8FCB-4C9FE3D376FF}.Debug|x86.ActiveCfg = Debug|Any CPU
		{5FB94E06-2A61-4323-8FCB-4C9FE3D376FF}.Release|Any CPU.ActiveCfg = Release|Any CPU
		{5FB94E06-2A61-4323-8FCB-4C9FE3D376FF}.Release|Any CPU.Build.0 = Release|Any CPU
		{5FB94E06-2A61-4323-8FCB-4C9FE3D376FF}.Release|x86.ActiveCfg = Release|Any CPU
		{9808D624-79E6-455F-A601-F35C805D983C}.Debug|Any CPU.ActiveCfg = Debug|Any CPU
		{9808D624-79E6-455F-A601-F35C805D983C}.Debug|Any CPU.Build.0 = Debug|Any CPU
		{9808D624-79E6-455F-A601-F35C805D983C}.Debug|x86.ActiveCfg = Debug|Any CPU
		{9808D624-79E6-455F-A601-F35C805D983C}.Release|Any CPU.ActiveCfg = Release|Any CPU
		{9808D624-79E6-455F-A601-F35C805D983C}.Release|Any CPU.Build.0 = Release|Any CPU
		{9808D624-79E6-455F-A601-F35C805D983C}.Release|x86.ActiveCfg = Release|Any CPU
		{09D4D2C3-05E1-4586-A2F2-66DB0A8C9E83}.Debug|Any CPU.ActiveCfg = Debug|Any CPU
		{09D4D2C3-05E1-4586-A2F2-66DB0A8C9E83}.Debug|Any CPU.Build.0 = Debug|Any CPU
		{09D4D2C3-05E1-4586-A2F2-66DB0A8C9E83}.Debug|x86.ActiveCfg = Debug|Any CPU
		{09D4D2C3-05E1-4586-A2F2-66DB0A8C9E83}.Release|Any CPU.ActiveCfg = Release|Any CPU
		{09D4D2C3-05E1-4586-A2F2-66DB0A8C9E83}.Release|Any CPU.Build.0 = Release|Any CPU
		{09D4D2C3-05E1-4586-A2F2-66DB0A8C9E83}.Release|x86.ActiveCfg = Release|Any CPU
		{D7F6278D-44BF-43BD-9E8C-C4252A00C61A}.Debug|Any CPU.ActiveCfg = Debug|x86
		{D7F6278D-44BF-43BD-9E8C-C4252A00C61A}.Debug|Any CPU.Build.0 = Debug|x86
		{D7F6278D-44BF-43BD-9E8C-C4252A00C61A}.Debug|x86.ActiveCfg = Debug|Any CPU
		{D7F6278D-44BF-43BD-9E8C-C4252A00C61A}.Release|Any CPU.ActiveCfg = Release|Any CPU
		{D7F6278D-44BF-43BD-9E8C-C4252A00C61A}.Release|Any CPU.Build.0 = Release|Any CPU
		{D7F6278D-44BF-43BD-9E8C-C4252A00C61A}.Release|x86.ActiveCfg = Release|Any CPU
		{65AA3653-CE56-4029-A9AD-46D5CAA45829}.Debug|Any CPU.ActiveCfg = Debug|Any CPU
		{65AA3653-CE56-4029-A9AD-46D5CAA45829}.Debug|Any CPU.Build.0 = Debug|Any CPU
		{65AA3653-CE56-4029-A9AD-46D5CAA45829}.Debug|x86.ActiveCfg = Debug|Any CPU
		{65AA3653-CE56-4029-A9AD-46D5CAA45829}.Release|Any CPU.ActiveCfg = Release|Any CPU
		{65AA3653-CE56-4029-A9AD-46D5CAA45829}.Release|Any CPU.Build.0 = Release|Any CPU
		{65AA3653-CE56-4029-A9AD-46D5CAA45829}.Release|x86.ActiveCfg = Release|Any CPU
		{44136017-54EE-4868-9557-ACB70B85BD7C}.Debug|Any CPU.ActiveCfg = Debug|Any CPU
		{44136017-54EE-4868-9557-ACB70B85BD7C}.Debug|Any CPU.Build.0 = Debug|Any CPU
		{44136017-54EE-4868-9557-ACB70B85BD7C}.Debug|x86.ActiveCfg = Debug|Any CPU
		{44136017-54EE-4868-9557-ACB70B85BD7C}.Release|Any CPU.ActiveCfg = Release|Any CPU
		{44136017-54EE-4868-9557-ACB70B85BD7C}.Release|Any CPU.Build.0 = Release|Any CPU
		{44136017-54EE-4868-9557-ACB70B85BD7C}.Release|x86.ActiveCfg = Release|Any CPU
		{7DA7D09D-4069-4009-B97A-9B196BD40C16}.Debug|Any CPU.ActiveCfg = Debug|Any CPU
		{7DA7D09D-4069-4009-B97A-9B196BD40C16}.Debug|Any CPU.Build.0 = Debug|Any CPU
		{7DA7D09D-4069-4009-B97A-9B196BD40C16}.Debug|x86.ActiveCfg = Debug|Any CPU
		{7DA7D09D-4069-4009-B97A-9B196BD40C16}.Release|Any CPU.ActiveCfg = Release|Any CPU
		{7DA7D09D-4069-4009-B97A-9B196BD40C16}.Release|Any CPU.Build.0 = Release|Any CPU
		{7DA7D09D-4069-4009-B97A-9B196BD40C16}.Release|x86.ActiveCfg = Release|Any CPU
		{6B024C9D-EAE3-4450-981B-625D7A56A3ED}.Debug|Any CPU.ActiveCfg = Debug|Any CPU
		{6B024C9D-EAE3-4450-981B-625D7A56A3ED}.Debug|Any CPU.Build.0 = Debug|Any CPU
		{6B024C9D-EAE3-4450-981B-625D7A56A3ED}.Debug|x86.ActiveCfg = Debug|Any CPU
		{6B024C9D-EAE3-4450-981B-625D7A56A3ED}.Release|Any CPU.ActiveCfg = Release|Any CPU
		{6B024C9D-EAE3-4450-981B-625D7A56A3ED}.Release|Any CPU.Build.0 = Release|Any CPU
		{6B024C9D-EAE3-4450-981B-625D7A56A3ED}.Release|x86.ActiveCfg = Release|Any CPU
	EndGlobalSection
	GlobalSection(SolutionProperties) = preSolution
		HideSolutionNode = FALSE
	EndGlobalSection
	GlobalSection(NestedProjects) = preSolution
		{E33F0F2B-6FBD-4E1C-9981-510DD229C58E} = {1F12FC5B-AF21-4DA3-A032-4B67BEEAAD4F}
		{65AA3653-CE56-4029-A9AD-46D5CAA45829} = {1F12FC5B-AF21-4DA3-A032-4B67BEEAAD4F}
		{44136017-54EE-4868-9557-ACB70B85BD7C} = {1F12FC5B-AF21-4DA3-A032-4B67BEEAAD4F}
		{7DA7D09D-4069-4009-B97A-9B196BD40C16} = {1F12FC5B-AF21-4DA3-A032-4B67BEEAAD4F}
		{6B024C9D-EAE3-4450-981B-625D7A56A3ED} = {1F12FC5B-AF21-4DA3-A032-4B67BEEAAD4F}
		{5FB94E06-2A61-4323-8FCB-4C9FE3D376FF} = {26182BF1-E8E5-4978-A846-ABF6D8AA6FA0}
		{9808D624-79E6-455F-A601-F35C805D983C} = {26182BF1-E8E5-4978-A846-ABF6D8AA6FA0}
		{09D4D2C3-05E1-4586-A2F2-66DB0A8C9E83} = {26182BF1-E8E5-4978-A846-ABF6D8AA6FA0}
		{8D51979F-FD94-4D4E-AEE3-C185CA37D9E3} = {26182BF1-E8E5-4978-A846-ABF6D8AA6FA0}
		{D7F6278D-44BF-43BD-9E8C-C4252A00C61A} = {2B783437-F711-4DCE-AD04-FB54230090D7}
	EndGlobalSection
EndGlobal
