
Microsoft Visual Studio Solution File, Format Version 12.00
# Visual Studio 2012
Project("{FAE04EC0-301F-11D3-BF4B-00C04F79EFBC}") = "FXSharp.Hosts", "MyFirstExpert\FXSharp.Hosts.csproj", "{3CE781FB-63BA-4298-8C9E-2A54CED907CC}"
EndProject
Project("{FAE04EC0-301F-11D3-BF4B-00C04F79EFBC}") = "FXSharp.TradingPlatform.Exts", "FXSharp.TradingPlatform.Exts\FXSharp.TradingPlatform.Exts.csproj", "{E33F0F2B-6FBD-4E1C-9981-510DD229C58E}"
EndProject
Project("{FAE04EC0-301F-11D3-BF4B-00C04F79EFBC}") = "FXSharp.EA.MagicBox", "FXSharp.EA.MagicBox\FXSharp.EA.MagicBox.csproj", "{8D51979F-FD94-4D4E-AEE3-C185CA37D9E3}"
EndProject
Project("{FAE04EC0-301F-11D3-BF4B-00C04F79EFBC}") = "FXSharp.EA.HappyDay", "FXSharp.EA.HappyDay\FXSharp.EA.HappyDay.csproj", "{5FB94E06-2A61-4323-8FCB-4C9FE3D376FF}"
EndProject
Project("{FAE04EC0-301F-11D3-BF4B-00C04F79EFBC}") = "FXSharp.EA.NewsBox", "FXSharp.EA.NewsBox\FXSharp.EA.NewsBox.csproj", "{9808D624-79E6-455F-A601-F35C805D983C}"
EndProject
Project("{FAE04EC0-301F-11D3-BF4B-00C04F79EFBC}") = "FXSharp.EA.FirstTest", "FXSharp.EA.FirstTest\FXSharp.EA.FirstTest.csproj", "{09D4D2C3-05E1-4586-A2F2-66DB0A8C9E83}"
EndProject
Global
	GlobalSection(SolutionConfigurationPlatforms) = preSolution
		Debug|Any CPU = Debug|Any CPU
		Debug|x86 = Debug|x86
		Release|Any CPU = Release|Any CPU
		Release|x86 = Release|x86
	EndGlobalSection
	GlobalSection(ProjectConfigurationPlatforms) = postSolution
		{3CE781FB-63BA-4298-8C9E-2A54CED907CC}.Debug|Any CPU.ActiveCfg = Debug|x86
		{3CE781FB-63BA-4298-8C9E-2A54CED907CC}.Debug|Any CPU.Build.0 = Debug|x86
		{3CE781FB-63BA-4298-8C9E-2A54CED907CC}.Debug|x86.ActiveCfg = Debug|x86
		{3CE781FB-63BA-4298-8C9E-2A54CED907CC}.Debug|x86.Build.0 = Debug|x86
		{3CE781FB-63BA-4298-8C9E-2A54CED907CC}.Release|Any CPU.ActiveCfg = Release|Any CPU
		{3CE781FB-63BA-4298-8C9E-2A54CED907CC}.Release|Any CPU.Build.0 = Release|Any CPU
		{3CE781FB-63BA-4298-8C9E-2A54CED907CC}.Release|x86.ActiveCfg = Release|x86
		{3CE781FB-63BA-4298-8C9E-2A54CED907CC}.Release|x86.Build.0 = Release|x86
		{E33F0F2B-6FBD-4E1C-9981-510DD229C58E}.Debug|Any CPU.ActiveCfg = Debug|Any CPU
		{E33F0F2B-6FBD-4E1C-9981-510DD229C58E}.Debug|Any CPU.Build.0 = Debug|Any CPU
		{E33F0F2B-6FBD-4E1C-9981-510DD229C58E}.Debug|x86.ActiveCfg = Debug|Any CPU
		{E33F0F2B-6FBD-4E1C-9981-510DD229C58E}.Release|Any CPU.ActiveCfg = Release|Any CPU
		{E33F0F2B-6FBD-4E1C-9981-510DD229C58E}.Release|Any CPU.Build.0 = Release|Any CPU
		{E33F0F2B-6FBD-4E1C-9981-510DD229C58E}.Release|x86.ActiveCfg = Release|Any CPU
		{8D51979F-FD94-4D4E-AEE3-C185CA37D9E3}.Debug|Any CPU.ActiveCfg = Debug|Any CPU
		{8D51979F-FD94-4D4E-AEE3-C185CA37D9E3}.Debug|Any CPU.Build.0 = Debug|Any CPU
		{8D51979F-FD94-4D4E-AEE3-C185CA37D9E3}.Debug|x86.ActiveCfg = Debug|Any CPU
		{8D51979F-FD94-4D4E-AEE3-C185CA37D9E3}.Release|Any CPU.ActiveCfg = Release|Any CPU
		{8D51979F-FD94-4D4E-AEE3-C185CA37D9E3}.Release|Any CPU.Build.0 = Release|Any CPU
		{8D51979F-FD94-4D4E-AEE3-C185CA37D9E3}.Release|x86.ActiveCfg = Release|Any CPU
		{5FB94E06-2A61-4323-8FCB-4C9FE3D376FF}.Debug|Any CPU.ActiveCfg = Debug|Any CPU
		{5FB94E06-2A61-4323-8FCB-4C9FE3D376FF}.Debug|Any CPU.Build.0 = Debug|Any CPU
		{5FB94E06-2A61-4323-8FCB-4C9FE3D376FF}.Debug|x86.ActiveCfg = Debug|Any CPU
		{5FB94E06-2A61-4323-8FCB-4C9FE3D376FF}.Release|Any CPU.ActiveCfg = Release|Any CPU
		{5FB94E06-2A61-4323-8FCB-4C9FE3D376FF}.Release|Any CPU.Build.0 = Release|Any CPU
		{5FB94E06-2A61-4323-8FCB-4C9FE3D376FF}.Release|x86.ActiveCfg = Release|Any CPU
		{9808D624-79E6-455F-A601-F35C805D983C}.Debug|Any CPU.ActiveCfg = Debug|Any CPU
		{9808D624-79E6-455F-A601-F35C805D983C}.Debug|Any CPU.Build.0 = Debug|Any CPU
		{9808D624-79E6-455F-A601-F35C805D983C}.Debug|x86.ActiveCfg = Debug|Any CPU
		{9808D624-79E6-455F-A601-F35C805D983C}.Release|Any CPU.ActiveCfg = Release|Any CPU
		{9808D624-79E6-455F-A601-F35C805D983C}.Release|Any CPU.Build.0 = Release|Any CPU
		{9808D624-79E6-455F-A601-F35C805D983C}.Release|x86.ActiveCfg = Release|Any CPU
		{09D4D2C3-05E1-4586-A2F2-66DB0A8C9E83}.Debug|Any CPU.ActiveCfg = Debug|Any CPU
		{09D4D2C3-05E1-4586-A2F2-66DB0A8C9E83}.Debug|Any CPU.Build.0 = Debug|Any CPU
		{09D4D2C3-05E1-4586-A2F2-66DB0A8C9E83}.Debug|x86.ActiveCfg = Debug|Any CPU
		{09D4D2C3-05E1-4586-A2F2-66DB0A8C9E83}.Release|Any CPU.ActiveCfg = Release|Any CPU
		{09D4D2C3-05E1-4586-A2F2-66DB0A8C9E83}.Release|Any CPU.Build.0 = Release|Any CPU
		{09D4D2C3-05E1-4586-A2F2-66DB0A8C9E83}.Release|x86.ActiveCfg = Release|Any CPU
	EndGlobalSection
	GlobalSection(SolutionProperties) = preSolution
		HideSolutionNode = FALSE
	EndGlobalSection
EndGlobal
